<?xml version="1.0" encoding="UTF-8" standalone="yes" ?>
<CodeBlocks_project_file>
	<FileVersion major="1" minor="6" />
	<Project>
		<Option title="b3opencl" />
		<Option pch_mode="2" />
		<Option compiler="gcc" />
		<Build>
			<Target title="Debug">
				<Option output="bin/Debug/b3opencl" prefix_auto="1" extension_auto="1" />
				<Option object_output="obj/Debug/" />
				<Option type="1" />
				<Option compiler="gcc" />
				<Compiler>
					<Add option="-g" />
				</Compiler>
			</Target>
			<Target title="Release">
				<Option output="bin/Release/b3opencl" prefix_auto="1" extension_auto="1" />
				<Option object_output="obj/Release/" />
				<Option type="1" />
				<Option compiler="gcc" />
				<Compiler>
					<Add option="-O2" />
				</Compiler>
				<Linker>
					<Add option="-s" />
				</Linker>
			</Target>
		</Build>
		<Compiler>
			<Add option="-Wall" />
			<Add directory="deps" />
		</Compiler>
		<Linker>
			<Add option="-lbullet3collision" />
			<Add option="-lbullet3common" />
			<Add option="-lbullet3dynamics" />
			<Add option="-lbullet3geometry" />
			<Add option="-lopengl32" />
			<Add option="-lglew64.dll" />
			<Add option="-lopencl" />
			<Add option="-lsfml-system" />
			<Add option="-lsfml-window" />
			<Add option="-lsfml-graphics" />
		</Linker>
		<Unit filename="deps/ocl/logging.cpp" />
		<Unit filename="deps/ocl/logging.hpp" />
		<Unit filename="deps/ocl/ocl.cpp" />
		<Unit filename="deps/ocl/ocl.hpp" />
		<Unit filename="main.cpp" />
		<Extensions>
			<code_completion />
			<envvars />
			<debugger />
		</Extensions>
	</Project>
</CodeBlocks_project_file>
